{
  "name": "F",
  "lockfileVersion": 3,
  "requires": true,
  "packages": {
    "": {
      "dependencies": {
        "azkars": "^1.0.7",
        "imanikurd": "^1.1.1"
      }
    },
    "node_modules/azkars": {
      "version": "1.0.7",
      "resolved": "https://registry.npmjs.org/azkars/-/azkars-1.0.7.tgz",
      "integrity": "sha512-VZ4y95qArKMOOKYbBle3zb0vTiWaRNiuTcxxtkWz5wzXs5hRzdMjnDs7VpATxG/cXuinISUHYxtSKIClfUpnQw==",
      "license": "ISC"
    },
    "node_modules/imanikurd": {
      "version": "1.1.1",
      "resolved": "https://registry.npmjs.org/imanikurd/-/imanikurd-1.1.1.tgz",
      "integrity": "sha512-/nKv9mtNyqYzFd2N020ZqulsNtUZuV9OROT+B6ranePwQ1wchlHdXw9mTbD+fHMw4fNrfb76ewFTgiMzM7zzVg==",
      "license": "MIT",
      "dependencies": {
        "imanikurd-hadith": "^1.1.1",
        "imanikurd-prayer": "^1.1.1",
        "imanikurd-quran": "^1.1.1"
      },
      "engines": {
        "node": ">=18"
      }
    },
    "node_modules/imanikurd-hadith": {
      "version": "1.1.1",
      "resolved": "https://registry.npmjs.org/imanikurd-hadith/-/imanikurd-hadith-1.1.1.tgz",
      "integrity": "sha512-toV5KQWHvvHjlpml+5O9FY0NyAN/nM4nWSmC45cuATNulDt7zWxZWqMZ7vkikTGa/O9Ecq5WHLOMVxGjcOANsw==",
      "license": "MIT",
      "engines": {
        "node": ">=18"
      }
    },
    "node_modules/imanikurd-prayer": {
      "version": "1.1.1",
      "resolved": "https://registry.npmjs.org/imanikurd-prayer/-/imanikurd-prayer-1.1.1.tgz",
      "integrity": "sha512-YEBmE839hxSUntIhuU5Jl0m7NFwDIwMvtR7hSk55YsE/4Ho11+yewF0QEVdyYF7ruCXJtGRQgJ06YCTu4DVIeA==",
      "license": "MIT",
      "engines": {
        "node": ">=18"
      }
    },
    "node_modules/imanikurd-quran": {
      "version": "1.1.1",
      "resolved": "https://registry.npmjs.org/imanikurd-quran/-/imanikurd-quran-1.1.1.tgz",
      "integrity": "sha512-sWNPK/2k+FQNRvGC3MaBGyukmhXNOpCA7Dqn8MGLmWaZFl9hhSqeGrm2nJXME0VBuF+rXzEyxNsXnG26rAFC3Q==",
      "license": "MIT",
      "engines": {
        "node": ">=18"
      }
    }
  }
}
